
Microsoft Visual Studio Solution File, Format Version 12.00
# Visual Studio Version 16
VisualStudioVersion = 16.0.31129.286
MinimumVisualStudioVersion = 10.0.40219.1
Project("{FAE04EC0-301F-11D3-BF4B-00C04F79EFBC}") = "TrainingFullInheritance", "TrainingFullInheritance.csproj", "{50C3D872-332C-429B-84E5-99B07FF891D1}"
EndProject
Project("{FAE04EC0-301F-11D3-BF4B-00C04F79EFBC}") = "MarketStock", "..\MarketStock\MarketStock.csproj", "{D28E5303-FF97-4736-B54B-8E37F8F12A11}"
EndProject
Global
	GlobalSection(SolutionConfigurationPlatforms) = preSolution
		Debug|Any CPU = Debug|Any CPU
		Release|Any CPU = Release|Any CPU
	EndGlobalSection
	GlobalSection(ProjectConfigurationPlatforms) = postSolution
		{50C3D872-332C-429B-84E5-99B07FF891D1}.Debug|Any CPU.ActiveCfg = Debug|Any CPU
		{50C3D872-332C-429B-84E5-99B07FF891D1}.Debug|Any CPU.Build.0 = Debug|Any CPU
		{50C3D872-332C-429B-84E5-99B07FF891D1}.Release|Any CPU.ActiveCfg = Release|Any CPU
		{50C3D872-332C-429B-84E5-99B07FF891D1}.Release|Any CPU.Build.0 = Release|Any CPU
		{D28E5303-FF97-4736-B54B-8E37F8F12A11}.Debug|Any CPU.ActiveCfg = Debug|Any CPU
		{D28E5303-FF97-4736-B54B-8E37F8F12A11}.Debug|Any CPU.Build.0 = Debug|Any CPU
		{D28E5303-FF97-4736-B54B-8E37F8F12A11}.Release|Any CPU.ActiveCfg = Release|Any CPU
		{D28E5303-FF97-4736-B54B-8E37F8F12A11}.Release|Any CPU.Build.0 = Release|Any CPU
	EndGlobalSection
	GlobalSection(SolutionProperties) = preSolution
		HideSolutionNode = FALSE
	EndGlobalSection
	GlobalSection(ExtensibilityGlobals) = postSolution
		SolutionGuid = {C62D47E7-AD68-4D40-9921-F0EE10212C2E}
	EndGlobalSection
EndGlobal
